
Microsoft Visual Studio Solution File, Format Version 12.00
# Visual Studio 15
VisualStudioVersion = 15.0.28307.421
MinimumVisualStudioVersion = 10.0.40219.1
Project("{9A19103F-16F7-4668-BE54-9A1E7A4F7556}") = "WebAPIApp", ".\WebAPIApp\WebAPIApp.csproj", "{8B63C646-9225-49CE-B7BD-7A128F94008D}"
EndProject
Project("{9A19103F-16F7-4668-BE54-9A1E7A4F7556}") = "C1XfFlexGrid", ".\C1XfFlexGrid\C1XfFlexGrid\C1XfFlexGrid.csproj", "{F65D1CD7-ECD7-474A-A18E-97C785178F71}"
EndProject
Project("{FAE04EC0-301F-11D3-BF4B-00C04F79EFBC}") = "C1XfFlexGrid.Android", ".\C1XfFlexGrid\C1XfFlexGrid.Android\C1XfFlexGrid.Android.csproj", "{F0552281-870F-430E-917F-F03BE1E2D1BA}"
EndProject
Project("{FAE04EC0-301F-11D3-BF4B-00C04F79EFBC}") = "C1XfFlexGrid.iOS", ".\C1XfFlexGrid\C1XfFlexGrid.iOS\C1XfFlexGrid.iOS.csproj", "{D5AB1894-C491-4264-BD20-043CB0795163}"
EndProject
Project("{FAE04EC0-301F-11D3-BF4B-00C04F79EFBC}") = "C1XfFlexGrid.UWP", ".\C1XfFlexGrid\C1XfFlexGrid.UWP\C1XfFlexGrid.UWP.csproj", "{043D5841-DE9B-406E-9C42-A09147F0CBC9}"
EndProject
Global
	GlobalSection(SolutionConfigurationPlatforms) = preSolution
		Ad-Hoc|Any CPU = Ad-Hoc|Any CPU
		Ad-Hoc|ARM = Ad-Hoc|ARM
		Ad-Hoc|iPhone = Ad-Hoc|iPhone
		Ad-Hoc|iPhoneSimulator = Ad-Hoc|iPhoneSimulator
		Ad-Hoc|x64 = Ad-Hoc|x64
		Ad-Hoc|x86 = Ad-Hoc|x86
		AppStore|Any CPU = AppStore|Any CPU
		AppStore|ARM = AppStore|ARM
		AppStore|iPhone = AppStore|iPhone
		AppStore|iPhoneSimulator = AppStore|iPhoneSimulator
		AppStore|x64 = AppStore|x64
		AppStore|x86 = AppStore|x86
		Debug|Any CPU = Debug|Any CPU
		Debug|ARM = Debug|ARM
		Debug|iPhone = Debug|iPhone
		Debug|iPhoneSimulator = Debug|iPhoneSimulator
		Debug|x64 = Debug|x64
		Debug|x86 = Debug|x86
		Release|Any CPU = Release|Any CPU
		Release|ARM = Release|ARM
		Release|iPhone = Release|iPhone
		Release|iPhoneSimulator = Release|iPhoneSimulator
		Release|x64 = Release|x64
		Release|x86 = Release|x86
	EndGlobalSection
	GlobalSection(ProjectConfigurationPlatforms) = postSolution
		{8B63C646-9225-49CE-B7BD-7A128F94008D}.Ad-Hoc|Any CPU.ActiveCfg = Debug|Any CPU
		{8B63C646-9225-49CE-B7BD-7A128F94008D}.Ad-Hoc|Any CPU.Build.0 = Debug|Any CPU
		{8B63C646-9225-49CE-B7BD-7A128F94008D}.Ad-Hoc|ARM.ActiveCfg = Debug|Any CPU
		{8B63C646-9225-49CE-B7BD-7A128F94008D}.Ad-Hoc|ARM.Build.0 = Debug|Any CPU
		{8B63C646-9225-49CE-B7BD-7A128F94008D}.Ad-Hoc|iPhone.ActiveCfg = Debug|Any CPU
		{8B63C646-9225-49CE-B7BD-7A128F94008D}.Ad-Hoc|iPhone.Build.0 = Debug|Any CPU
		{8B63C646-9225-49CE-B7BD-7A128F94008D}.Ad-Hoc|iPhoneSimulator.ActiveCfg = Debug|Any CPU
		{8B63C646-9225-49CE-B7BD-7A128F94008D}.Ad-Hoc|iPhoneSimulator.Build.0 = Debug|Any CPU
		{8B63C646-9225-49CE-B7BD-7A128F94008D}.Ad-Hoc|x64.ActiveCfg = Debug|Any CPU
		{8B63C646-9225-49CE-B7BD-7A128F94008D}.Ad-Hoc|x64.Build.0 = Debug|Any CPU
		{8B63C646-9225-49CE-B7BD-7A128F94008D}.Ad-Hoc|x86.ActiveCfg = Debug|Any CPU
		{8B63C646-9225-49CE-B7BD-7A128F94008D}.Ad-Hoc|x86.Build.0 = Debug|Any CPU
		{8B63C646-9225-49CE-B7BD-7A128F94008D}.AppStore|Any CPU.ActiveCfg = Debug|Any CPU
		{8B63C646-9225-49CE-B7BD-7A128F94008D}.AppStore|Any CPU.Build.0 = Debug|Any CPU
		{8B63C646-9225-49CE-B7BD-7A128F94008D}.AppStore|ARM.ActiveCfg = Debug|Any CPU
		{8B63C646-9225-49CE-B7BD-7A128F94008D}.AppStore|ARM.Build.0 = Debug|Any CPU
		{8B63C646-9225-49CE-B7BD-7A128F94008D}.AppStore|iPhone.ActiveCfg = Debug|Any CPU
		{8B63C646-9225-49CE-B7BD-7A128F94008D}.AppStore|iPhone.Build.0 = Debug|Any CPU
		{8B63C646-9225-49CE-B7BD-7A128F94008D}.AppStore|iPhoneSimulator.ActiveCfg = Debug|Any CPU
		{8B63C646-9225-49CE-B7BD-7A128F94008D}.AppStore|iPhoneSimulator.Build.0 = Debug|Any CPU
		{8B63C646-9225-49CE-B7BD-7A128F94008D}.AppStore|x64.ActiveCfg = Debug|Any CPU
		{8B63C646-9225-49CE-B7BD-7A128F94008D}.AppStore|x64.Build.0 = Debug|Any CPU
		{8B63C646-9225-49CE-B7BD-7A128F94008D}.AppStore|x86.ActiveCfg = Debug|Any CPU
		{8B63C646-9225-49CE-B7BD-7A128F94008D}.AppStore|x86.Build.0 = Debug|Any CPU
		{8B63C646-9225-49CE-B7BD-7A128F94008D}.Debug|Any CPU.ActiveCfg = Debug|Any CPU
		{8B63C646-9225-49CE-B7BD-7A128F94008D}.Debug|Any CPU.Build.0 = Debug|Any CPU
		{8B63C646-9225-49CE-B7BD-7A128F94008D}.Debug|ARM.ActiveCfg = Debug|Any CPU
		{8B63C646-9225-49CE-B7BD-7A128F94008D}.Debug|ARM.Build.0 = Debug|Any CPU
		{8B63C646-9225-49CE-B7BD-7A128F94008D}.Debug|iPhone.ActiveCfg = Debug|Any CPU
		{8B63C646-9225-49CE-B7BD-7A128F94008D}.Debug|iPhone.Build.0 = Debug|Any CPU
		{8B63C646-9225-49CE-B7BD-7A128F94008D}.Debug|iPhoneSimulator.ActiveCfg = Debug|Any CPU
		{8B63C646-9225-49CE-B7BD-7A128F94008D}.Debug|iPhoneSimulator.Build.0 = Debug|Any CPU
		{8B63C646-9225-49CE-B7BD-7A128F94008D}.Debug|x64.ActiveCfg = Debug|Any CPU
		{8B63C646-9225-49CE-B7BD-7A128F94008D}.Debug|x64.Build.0 = Debug|Any CPU
		{8B63C646-9225-49CE-B7BD-7A128F94008D}.Debug|x86.ActiveCfg = Debug|Any CPU
		{8B63C646-9225-49CE-B7BD-7A128F94008D}.Debug|x86.Build.0 = Debug|Any CPU
		{8B63C646-9225-49CE-B7BD-7A128F94008D}.Release|Any CPU.ActiveCfg = Release|Any CPU
		{8B63C646-9225-49CE-B7BD-7A128F94008D}.Release|Any CPU.Build.0 = Release|Any CPU
		{8B63C646-9225-49CE-B7BD-7A128F94008D}.Release|ARM.ActiveCfg = Release|Any CPU
		{8B63C646-9225-49CE-B7BD-7A128F94008D}.Release|ARM.Build.0 = Release|Any CPU
		{8B63C646-9225-49CE-B7BD-7A128F94008D}.Release|iPhone.ActiveCfg = Release|Any CPU
		{8B63C646-9225-49CE-B7BD-7A128F94008D}.Release|iPhone.Build.0 = Release|Any CPU
		{8B63C646-9225-49CE-B7BD-7A128F94008D}.Release|iPhoneSimulator.ActiveCfg = Release|Any CPU
		{8B63C646-9225-49CE-B7BD-7A128F94008D}.Release|iPhoneSimulator.Build.0 = Release|Any CPU
		{8B63C646-9225-49CE-B7BD-7A128F94008D}.Release|x64.ActiveCfg = Release|Any CPU
		{8B63C646-9225-49CE-B7BD-7A128F94008D}.Release|x64.Build.0 = Release|Any CPU
		{8B63C646-9225-49CE-B7BD-7A128F94008D}.Release|x86.ActiveCfg = Release|Any CPU
		{8B63C646-9225-49CE-B7BD-7A128F94008D}.Release|x86.Build.0 = Release|Any CPU
		{F65D1CD7-ECD7-474A-A18E-97C785178F71}.Ad-Hoc|Any CPU.ActiveCfg = Debug|Any CPU
		{F65D1CD7-ECD7-474A-A18E-97C785178F71}.Ad-Hoc|Any CPU.Build.0 = Debug|Any CPU
		{F65D1CD7-ECD7-474A-A18E-97C785178F71}.Ad-Hoc|ARM.ActiveCfg = Debug|Any CPU
		{F65D1CD7-ECD7-474A-A18E-97C785178F71}.Ad-Hoc|ARM.Build.0 = Debug|Any CPU
		{F65D1CD7-ECD7-474A-A18E-97C785178F71}.Ad-Hoc|iPhone.ActiveCfg = Debug|Any CPU
		{F65D1CD7-ECD7-474A-A18E-97C785178F71}.Ad-Hoc|iPhone.Build.0 = Debug|Any CPU
		{F65D1CD7-ECD7-474A-A18E-97C785178F71}.Ad-Hoc|iPhoneSimulator.ActiveCfg = Debug|Any CPU
		{F65D1CD7-ECD7-474A-A18E-97C785178F71}.Ad-Hoc|iPhoneSimulator.Build.0 = Debug|Any CPU
		{F65D1CD7-ECD7-474A-A18E-97C785178F71}.Ad-Hoc|x64.ActiveCfg = Debug|Any CPU
		{F65D1CD7-ECD7-474A-A18E-97C785178F71}.Ad-Hoc|x64.Build.0 = Debug|Any CPU
		{F65D1CD7-ECD7-474A-A18E-97C785178F71}.Ad-Hoc|x86.ActiveCfg = Debug|Any CPU
		{F65D1CD7-ECD7-474A-A18E-97C785178F71}.Ad-Hoc|x86.Build.0 = Debug|Any CPU
		{F65D1CD7-ECD7-474A-A18E-97C785178F71}.AppStore|Any CPU.ActiveCfg = Debug|Any CPU
		{F65D1CD7-ECD7-474A-A18E-97C785178F71}.AppStore|Any CPU.Build.0 = Debug|Any CPU
		{F65D1CD7-ECD7-474A-A18E-97C785178F71}.AppStore|ARM.ActiveCfg = Debug|Any CPU
		{F65D1CD7-ECD7-474A-A18E-97C785178F71}.AppStore|ARM.Build.0 = Debug|Any CPU
		{F65D1CD7-ECD7-474A-A18E-97C785178F71}.AppStore|iPhone.ActiveCfg = Debug|Any CPU
		{F65D1CD7-ECD7-474A-A18E-97C785178F71}.AppStore|iPhone.Build.0 = Debug|Any CPU
		{F65D1CD7-ECD7-474A-A18E-97C785178F71}.AppStore|iPhoneSimulator.ActiveCfg = Debug|Any CPU
		{F65D1CD7-ECD7-474A-A18E-97C785178F71}.AppStore|iPhoneSimulator.Build.0 = Debug|Any CPU
		{F65D1CD7-ECD7-474A-A18E-97C785178F71}.AppStore|x64.ActiveCfg = Debug|Any CPU
		{F65D1CD7-ECD7-474A-A18E-97C785178F71}.AppStore|x64.Build.0 = Debug|Any CPU
		{F65D1CD7-ECD7-474A-A18E-97C785178F71}.AppStore|x86.ActiveCfg = Debug|Any CPU
		{F65D1CD7-ECD7-474A-A18E-97C785178F71}.AppStore|x86.Build.0 = Debug|Any CPU
		{F65D1CD7-ECD7-474A-A18E-97C785178F71}.Debug|Any CPU.ActiveCfg = Debug|Any CPU
		{F65D1CD7-ECD7-474A-A18E-97C785178F71}.Debug|Any CPU.Build.0 = Debug|Any CPU
		{F65D1CD7-ECD7-474A-A18E-97C785178F71}.Debug|ARM.ActiveCfg = Debug|Any CPU
		{F65D1CD7-ECD7-474A-A18E-97C785178F71}.Debug|ARM.Build.0 = Debug|Any CPU
		{F65D1CD7-ECD7-474A-A18E-97C785178F71}.Debug|iPhone.ActiveCfg = Debug|Any CPU
		{F65D1CD7-ECD7-474A-A18E-97C785178F71}.Debug|iPhone.Build.0 = Debug|Any CPU
		{F65D1CD7-ECD7-474A-A18E-97C785178F71}.Debug|iPhoneSimulator.ActiveCfg = Debug|Any CPU
		{F65D1CD7-ECD7-474A-A18E-97C785178F71}.Debug|iPhoneSimulator.Build.0 = Debug|Any CPU
		{F65D1CD7-ECD7-474A-A18E-97C785178F71}.Debug|x64.ActiveCfg = Debug|Any CPU
		{F65D1CD7-ECD7-474A-A18E-97C785178F71}.Debug|x64.Build.0 = Debug|Any CPU
		{F65D1CD7-ECD7-474A-A18E-97C785178F71}.Debug|x86.ActiveCfg = Debug|Any CPU
		{F65D1CD7-ECD7-474A-A18E-97C785178F71}.Debug|x86.Build.0 = Debug|Any CPU
		{F65D1CD7-ECD7-474A-A18E-97C785178F71}.Release|Any CPU.ActiveCfg = Release|Any CPU
		{F65D1CD7-ECD7-474A-A18E-97C785178F71}.Release|Any CPU.Build.0 = Release|Any CPU
		{F65D1CD7-ECD7-474A-A18E-97C785178F71}.Release|ARM.ActiveCfg = Release|Any CPU
		{F65D1CD7-ECD7-474A-A18E-97C785178F71}.Release|ARM.Build.0 = Release|Any CPU
		{F65D1CD7-ECD7-474A-A18E-97C785178F71}.Release|iPhone.ActiveCfg = Release|Any CPU
		{F65D1CD7-ECD7-474A-A18E-97C785178F71}.Release|iPhone.Build.0 = Release|Any CPU
		{F65D1CD7-ECD7-474A-A18E-97C785178F71}.Release|iPhoneSimulator.ActiveCfg = Release|Any CPU
		{F65D1CD7-ECD7-474A-A18E-97C785178F71}.Release|iPhoneSimulator.Build.0 = Release|Any CPU
		{F65D1CD7-ECD7-474A-A18E-97C785178F71}.Release|x64.ActiveCfg = Release|Any CPU
		{F65D1CD7-ECD7-474A-A18E-97C785178F71}.Release|x64.Build.0 = Release|Any CPU
		{F65D1CD7-ECD7-474A-A18E-97C785178F71}.Release|x86.ActiveCfg = Release|Any CPU
		{F65D1CD7-ECD7-474A-A18E-97C785178F71}.Release|x86.Build.0 = Release|Any CPU
		{F0552281-870F-430E-917F-F03BE1E2D1BA}.Ad-Hoc|Any CPU.ActiveCfg = Release|Any CPU
		{F0552281-870F-430E-917F-F03BE1E2D1BA}.Ad-Hoc|Any CPU.Build.0 = Release|Any CPU
		{F0552281-870F-430E-917F-F03BE1E2D1BA}.Ad-Hoc|Any CPU.Deploy.0 = Release|Any CPU
		{F0552281-870F-430E-917F-F03BE1E2D1BA}.Ad-Hoc|ARM.ActiveCfg = Release|Any CPU
		{F0552281-870F-430E-917F-F03BE1E2D1BA}.Ad-Hoc|ARM.Build.0 = Release|Any CPU
		{F0552281-870F-430E-917F-F03BE1E2D1BA}.Ad-Hoc|ARM.Deploy.0 = Release|Any CPU
		{F0552281-870F-430E-917F-F03BE1E2D1BA}.Ad-Hoc|iPhone.ActiveCfg = Release|Any CPU
		{F0552281-870F-430E-917F-F03BE1E2D1BA}.Ad-Hoc|iPhone.Build.0 = Release|Any CPU
		{F0552281-870F-430E-917F-F03BE1E2D1BA}.Ad-Hoc|iPhone.Deploy.0 = Release|Any CPU
		{F0552281-870F-430E-917F-F03BE1E2D1BA}.Ad-Hoc|iPhoneSimulator.ActiveCfg = Release|Any CPU
		{F0552281-870F-430E-917F-F03BE1E2D1BA}.Ad-Hoc|iPhoneSimulator.Build.0 = Release|Any CPU
		{F0552281-870F-430E-917F-F03BE1E2D1BA}.Ad-Hoc|iPhoneSimulator.Deploy.0 = Release|Any CPU
		{F0552281-870F-430E-917F-F03BE1E2D1BA}.Ad-Hoc|x64.ActiveCfg = Release|Any CPU
		{F0552281-870F-430E-917F-F03BE1E2D1BA}.Ad-Hoc|x64.Build.0 = Release|Any CPU
		{F0552281-870F-430E-917F-F03BE1E2D1BA}.Ad-Hoc|x64.Deploy.0 = Release|Any CPU
		{F0552281-870F-430E-917F-F03BE1E2D1BA}.Ad-Hoc|x86.ActiveCfg = Release|Any CPU
		{F0552281-870F-430E-917F-F03BE1E2D1BA}.Ad-Hoc|x86.Build.0 = Release|Any CPU
		{F0552281-870F-430E-917F-F03BE1E2D1BA}.Ad-Hoc|x86.Deploy.0 = Release|Any CPU
		{F0552281-870F-430E-917F-F03BE1E2D1BA}.AppStore|Any CPU.ActiveCfg = Release|Any CPU
		{F0552281-870F-430E-917F-F03BE1E2D1BA}.AppStore|Any CPU.Build.0 = Release|Any CPU
		{F0552281-870F-430E-917F-F03BE1E2D1BA}.AppStore|Any CPU.Deploy.0 = Release|Any CPU
		{F0552281-870F-430E-917F-F03BE1E2D1BA}.AppStore|ARM.ActiveCfg = Release|Any CPU
		{F0552281-870F-430E-917F-F03BE1E2D1BA}.AppStore|ARM.Build.0 = Release|Any CPU
		{F0552281-870F-430E-917F-F03BE1E2D1BA}.AppStore|ARM.Deploy.0 = Release|Any CPU
		{F0552281-870F-430E-917F-F03BE1E2D1BA}.AppStore|iPhone.ActiveCfg = Release|Any CPU
		{F0552281-870F-430E-917F-F03BE1E2D1BA}.AppStore|iPhone.Build.0 = Release|Any CPU
		{F0552281-870F-430E-917F-F03BE1E2D1BA}.AppStore|iPhone.Deploy.0 = Release|Any CPU
		{F0552281-870F-430E-917F-F03BE1E2D1BA}.AppStore|iPhoneSimulator.ActiveCfg = Release|Any CPU
		{F0552281-870F-430E-917F-F03BE1E2D1BA}.AppStore|iPhoneSimulator.Build.0 = Release|Any CPU
		{F0552281-870F-430E-917F-F03BE1E2D1BA}.AppStore|iPhoneSimulator.Deploy.0 = Release|Any CPU
		{F0552281-870F-430E-917F-F03BE1E2D1BA}.AppStore|x64.ActiveCfg = Release|Any CPU
		{F0552281-870F-430E-917F-F03BE1E2D1BA}.AppStore|x64.Build.0 = Release|Any CPU
		{F0552281-870F-430E-917F-F03BE1E2D1BA}.AppStore|x64.Deploy.0 = Release|Any CPU
		{F0552281-870F-430E-917F-F03BE1E2D1BA}.AppStore|x86.ActiveCfg = Release|Any CPU
		{F0552281-870F-430E-917F-F03BE1E2D1BA}.AppStore|x86.Build.0 = Release|Any CPU
		{F0552281-870F-430E-917F-F03BE1E2D1BA}.AppStore|x86.Deploy.0 = Release|Any CPU
		{F0552281-870F-430E-917F-F03BE1E2D1BA}.Debug|Any CPU.ActiveCfg = Debug|Any CPU
		{F0552281-870F-430E-917F-F03BE1E2D1BA}.Debug|Any CPU.Build.0 = Debug|Any CPU
		{F0552281-870F-430E-917F-F03BE1E2D1BA}.Debug|Any CPU.Deploy.0 = Debug|Any CPU
		{F0552281-870F-430E-917F-F03BE1E2D1BA}.Debug|ARM.ActiveCfg = Debug|Any CPU
		{F0552281-870F-430E-917F-F03BE1E2D1BA}.Debug|ARM.Build.0 = Debug|Any CPU
		{F0552281-870F-430E-917F-F03BE1E2D1BA}.Debug|ARM.Deploy.0 = Debug|Any CPU
		{F0552281-870F-430E-917F-F03BE1E2D1BA}.Debug|iPhone.ActiveCfg = Debug|Any CPU
		{F0552281-870F-430E-917F-F03BE1E2D1BA}.Debug|iPhone.Build.0 = Debug|Any CPU
		{F0552281-870F-430E-917F-F03BE1E2D1BA}.Debug|iPhone.Deploy.0 = Debug|Any CPU
		{F0552281-870F-430E-917F-F03BE1E2D1BA}.Debug|iPhoneSimulator.ActiveCfg = Debug|Any CPU
		{F0552281-870F-430E-917F-F03BE1E2D1BA}.Debug|iPhoneSimulator.Build.0 = Debug|Any CPU
		{F0552281-870F-430E-917F-F03BE1E2D1BA}.Debug|iPhoneSimulator.Deploy.0 = Debug|Any CPU
		{F0552281-870F-430E-917F-F03BE1E2D1BA}.Debug|x64.ActiveCfg = Debug|Any CPU
		{F0552281-870F-430E-917F-F03BE1E2D1BA}.Debug|x64.Build.0 = Debug|Any CPU
		{F0552281-870F-430E-917F-F03BE1E2D1BA}.Debug|x64.Deploy.0 = Debug|Any CPU
		{F0552281-870F-430E-917F-F03BE1E2D1BA}.Debug|x86.ActiveCfg = Debug|Any CPU
		{F0552281-870F-430E-917F-F03BE1E2D1BA}.Debug|x86.Build.0 = Debug|Any CPU
		{F0552281-870F-430E-917F-F03BE1E2D1BA}.Debug|x86.Deploy.0 = Debug|Any CPU
		{F0552281-870F-430E-917F-F03BE1E2D1BA}.Release|Any CPU.ActiveCfg = Release|Any CPU
		{F0552281-870F-430E-917F-F03BE1E2D1BA}.Release|Any CPU.Build.0 = Release|Any CPU
		{F0552281-870F-430E-917F-F03BE1E2D1BA}.Release|Any CPU.Deploy.0 = Release|Any CPU
		{F0552281-870F-430E-917F-F03BE1E2D1BA}.Release|ARM.ActiveCfg = Release|Any CPU
		{F0552281-870F-430E-917F-F03BE1E2D1BA}.Release|ARM.Build.0 = Release|Any CPU
		{F0552281-870F-430E-917F-F03BE1E2D1BA}.Release|ARM.Deploy.0 = Release|Any CPU
		{F0552281-870F-430E-917F-F03BE1E2D1BA}.Release|iPhone.ActiveCfg = Release|Any CPU
		{F0552281-870F-430E-917F-F03BE1E2D1BA}.Release|iPhone.Build.0 = Release|Any CPU
		{F0552281-870F-430E-917F-F03BE1E2D1BA}.Release|iPhone.Deploy.0 = Release|Any CPU
		{F0552281-870F-430E-917F-F03BE1E2D1BA}.Release|iPhoneSimulator.ActiveCfg = Release|Any CPU
		{F0552281-870F-430E-917F-F03BE1E2D1BA}.Release|iPhoneSimulator.Build.0 = Release|Any CPU
		{F0552281-870F-430E-917F-F03BE1E2D1BA}.Release|iPhoneSimulator.Deploy.0 = Release|Any CPU
		{F0552281-870F-430E-917F-F03BE1E2D1BA}.Release|x64.ActiveCfg = Release|Any CPU
		{F0552281-870F-430E-917F-F03BE1E2D1BA}.Release|x64.Build.0 = Release|Any CPU
		{F0552281-870F-430E-917F-F03BE1E2D1BA}.Release|x64.Deploy.0 = Release|Any CPU
		{F0552281-870F-430E-917F-F03BE1E2D1BA}.Release|x86.ActiveCfg = Release|Any CPU
		{F0552281-870F-430E-917F-F03BE1E2D1BA}.Release|x86.Build.0 = Release|Any CPU
		{F0552281-870F-430E-917F-F03BE1E2D1BA}.Release|x86.Deploy.0 = Release|Any CPU
		{D5AB1894-C491-4264-BD20-043CB0795163}.Ad-Hoc|Any CPU.ActiveCfg = Ad-Hoc|iPhone
		{D5AB1894-C491-4264-BD20-043CB0795163}.Ad-Hoc|ARM.ActiveCfg = Ad-Hoc|iPhone
		{D5AB1894-C491-4264-BD20-043CB0795163}.Ad-Hoc|iPhone.ActiveCfg = Ad-Hoc|iPhone
		{D5AB1894-C491-4264-BD20-043CB0795163}.Ad-Hoc|iPhone.Build.0 = Ad-Hoc|iPhone
		{D5AB1894-C491-4264-BD20-043CB0795163}.Ad-Hoc|iPhoneSimulator.ActiveCfg = Ad-Hoc|iPhoneSimulator
		{D5AB1894-C491-4264-BD20-043CB0795163}.Ad-Hoc|iPhoneSimulator.Build.0 = Ad-Hoc|iPhoneSimulator
		{D5AB1894-C491-4264-BD20-043CB0795163}.Ad-Hoc|x64.ActiveCfg = Ad-Hoc|iPhone
		{D5AB1894-C491-4264-BD20-043CB0795163}.Ad-Hoc|x86.ActiveCfg = Ad-Hoc|iPhone
		{D5AB1894-C491-4264-BD20-043CB0795163}.AppStore|Any CPU.ActiveCfg = AppStore|iPhone
		{D5AB1894-C491-4264-BD20-043CB0795163}.AppStore|ARM.ActiveCfg = AppStore|iPhone
		{D5AB1894-C491-4264-BD20-043CB0795163}.AppStore|iPhone.ActiveCfg = AppStore|iPhone
		{D5AB1894-C491-4264-BD20-043CB0795163}.AppStore|iPhone.Build.0 = AppStore|iPhone
		{D5AB1894-C491-4264-BD20-043CB0795163}.AppStore|iPhoneSimulator.ActiveCfg = AppStore|iPhoneSimulator
		{D5AB1894-C491-4264-BD20-043CB0795163}.AppStore|iPhoneSimulator.Build.0 = AppStore|iPhoneSimulator
		{D5AB1894-C491-4264-BD20-043CB0795163}.AppStore|x64.ActiveCfg = AppStore|iPhone
		{D5AB1894-C491-4264-BD20-043CB0795163}.AppStore|x86.ActiveCfg = AppStore|iPhone
		{D5AB1894-C491-4264-BD20-043CB0795163}.Debug|Any CPU.ActiveCfg = Debug|iPhone
		{D5AB1894-C491-4264-BD20-043CB0795163}.Debug|ARM.ActiveCfg = Debug|iPhone
		{D5AB1894-C491-4264-BD20-043CB0795163}.Debug|iPhone.ActiveCfg = Debug|iPhone
		{D5AB1894-C491-4264-BD20-043CB0795163}.Debug|iPhone.Build.0 = Debug|iPhone
		{D5AB1894-C491-4264-BD20-043CB0795163}.Debug|iPhoneSimulator.ActiveCfg = Debug|iPhoneSimulator
		{D5AB1894-C491-4264-BD20-043CB0795163}.Debug|iPhoneSimulator.Build.0 = Debug|iPhoneSimulator
		{D5AB1894-C491-4264-BD20-043CB0795163}.Debug|x64.ActiveCfg = Debug|iPhone
		{D5AB1894-C491-4264-BD20-043CB0795163}.Debug|x86.ActiveCfg = Debug|iPhone
		{D5AB1894-C491-4264-BD20-043CB0795163}.Release|Any CPU.ActiveCfg = Release|iPhone
		{D5AB1894-C491-4264-BD20-043CB0795163}.Release|ARM.ActiveCfg = Release|iPhone
		{D5AB1894-C491-4264-BD20-043CB0795163}.Release|iPhone.ActiveCfg = Release|iPhone
		{D5AB1894-C491-4264-BD20-043CB0795163}.Release|iPhone.Build.0 = Release|iPhone
		{D5AB1894-C491-4264-BD20-043CB0795163}.Release|iPhoneSimulator.ActiveCfg = Release|iPhoneSimulator
		{D5AB1894-C491-4264-BD20-043CB0795163}.Release|iPhoneSimulator.Build.0 = Release|iPhoneSimulator
		{D5AB1894-C491-4264-BD20-043CB0795163}.Release|x64.ActiveCfg = Release|iPhone
		{D5AB1894-C491-4264-BD20-043CB0795163}.Release|x86.ActiveCfg = Release|iPhone
		{043D5841-DE9B-406E-9C42-A09147F0CBC9}.Ad-Hoc|Any CPU.ActiveCfg = Release|x86
		{043D5841-DE9B-406E-9C42-A09147F0CBC9}.Ad-Hoc|Any CPU.Build.0 = Release|x86
		{043D5841-DE9B-406E-9C42-A09147F0CBC9}.Ad-Hoc|Any CPU.Deploy.0 = Release|x86
		{043D5841-DE9B-406E-9C42-A09147F0CBC9}.Ad-Hoc|ARM.ActiveCfg = Release|ARM
		{043D5841-DE9B-406E-9C42-A09147F0CBC9}.Ad-Hoc|ARM.Build.0 = Release|ARM
		{043D5841-DE9B-406E-9C42-A09147F0CBC9}.Ad-Hoc|ARM.Deploy.0 = Release|ARM
		{043D5841-DE9B-406E-9C42-A09147F0CBC9}.Ad-Hoc|iPhone.ActiveCfg = Release|x86
		{043D5841-DE9B-406E-9C42-A09147F0CBC9}.Ad-Hoc|iPhone.Build.0 = Release|x86
		{043D5841-DE9B-406E-9C42-A09147F0CBC9}.Ad-Hoc|iPhone.Deploy.0 = Release|x86
		{043D5841-DE9B-406E-9C42-A09147F0CBC9}.Ad-Hoc|iPhoneSimulator.ActiveCfg = Release|x86
		{043D5841-DE9B-406E-9C42-A09147F0CBC9}.Ad-Hoc|iPhoneSimulator.Build.0 = Release|x86
		{043D5841-DE9B-406E-9C42-A09147F0CBC9}.Ad-Hoc|iPhoneSimulator.Deploy.0 = Release|x86
		{043D5841-DE9B-406E-9C42-A09147F0CBC9}.Ad-Hoc|x64.ActiveCfg = Release|x64
		{043D5841-DE9B-406E-9C42-A09147F0CBC9}.Ad-Hoc|x64.Build.0 = Release|x64
		{043D5841-DE9B-406E-9C42-A09147F0CBC9}.Ad-Hoc|x64.Deploy.0 = Release|x64
		{043D5841-DE9B-406E-9C42-A09147F0CBC9}.Ad-Hoc|x86.ActiveCfg = Release|x86
		{043D5841-DE9B-406E-9C42-A09147F0CBC9}.Ad-Hoc|x86.Build.0 = Release|x86
		{043D5841-DE9B-406E-9C42-A09147F0CBC9}.Ad-Hoc|x86.Deploy.0 = Release|x86
		{043D5841-DE9B-406E-9C42-A09147F0CBC9}.AppStore|Any CPU.ActiveCfg = Release|x86
		{043D5841-DE9B-406E-9C42-A09147F0CBC9}.AppStore|Any CPU.Build.0 = Release|x86
		{043D5841-DE9B-406E-9C42-A09147F0CBC9}.AppStore|Any CPU.Deploy.0 = Release|x86
		{043D5841-DE9B-406E-9C42-A09147F0CBC9}.AppStore|ARM.ActiveCfg = Release|ARM
		{043D5841-DE9B-406E-9C42-A09147F0CBC9}.AppStore|ARM.Build.0 = Release|ARM
		{043D5841-DE9B-406E-9C42-A09147F0CBC9}.AppStore|ARM.Deploy.0 = Release|ARM
		{043D5841-DE9B-406E-9C42-A09147F0CBC9}.AppStore|iPhone.ActiveCfg = Release|x86
		{043D5841-DE9B-406E-9C42-A09147F0CBC9}.AppStore|iPhone.Build.0 = Release|x86
		{043D5841-DE9B-406E-9C42-A09147F0CBC9}.AppStore|iPhone.Deploy.0 = Release|x86
		{043D5841-DE9B-406E-9C42-A09147F0CBC9}.AppStore|iPhoneSimulator.ActiveCfg = Release|x86
		{043D5841-DE9B-406E-9C42-A09147F0CBC9}.AppStore|iPhoneSimulator.Build.0 = Release|x86
		{043D5841-DE9B-406E-9C42-A09147F0CBC9}.AppStore|iPhoneSimulator.Deploy.0 = Release|x86
		{043D5841-DE9B-406E-9C42-A09147F0CBC9}.AppStore|x64.ActiveCfg = Release|x64
		{043D5841-DE9B-406E-9C42-A09147F0CBC9}.AppStore|x64.Build.0 = Release|x64
		{043D5841-DE9B-406E-9C42-A09147F0CBC9}.AppStore|x64.Deploy.0 = Release|x64
		{043D5841-DE9B-406E-9C42-A09147F0CBC9}.AppStore|x86.ActiveCfg = Release|x86
		{043D5841-DE9B-406E-9C42-A09147F0CBC9}.AppStore|x86.Build.0 = Release|x86
		{043D5841-DE9B-406E-9C42-A09147F0CBC9}.AppStore|x86.Deploy.0 = Release|x86
		{043D5841-DE9B-406E-9C42-A09147F0CBC9}.Debug|Any CPU.ActiveCfg = Debug|x86
		{043D5841-DE9B-406E-9C42-A09147F0CBC9}.Debug|ARM.ActiveCfg = Debug|ARM
		{043D5841-DE9B-406E-9C42-A09147F0CBC9}.Debug|ARM.Build.0 = Debug|ARM
		{043D5841-DE9B-406E-9C42-A09147F0CBC9}.Debug|ARM.Deploy.0 = Debug|ARM
		{043D5841-DE9B-406E-9C42-A09147F0CBC9}.Debug|iPhone.ActiveCfg = Debug|x86
		{043D5841-DE9B-406E-9C42-A09147F0CBC9}.Debug|iPhoneSimulator.ActiveCfg = Debug|x86
		{043D5841-DE9B-406E-9C42-A09147F0CBC9}.Debug|x64.ActiveCfg = Debug|x64
		{043D5841-DE9B-406E-9C42-A09147F0CBC9}.Debug|x64.Build.0 = Debug|x64
		{043D5841-DE9B-406E-9C42-A09147F0CBC9}.Debug|x64.Deploy.0 = Debug|x64
		{043D5841-DE9B-406E-9C42-A09147F0CBC9}.Debug|x86.ActiveCfg = Debug|x86
		{043D5841-DE9B-406E-9C42-A09147F0CBC9}.Debug|x86.Build.0 = Debug|x86
		{043D5841-DE9B-406E-9C42-A09147F0CBC9}.Debug|x86.Deploy.0 = Debug|x86
		{043D5841-DE9B-406E-9C42-A09147F0CBC9}.Release|Any CPU.ActiveCfg = Release|x86
		{043D5841-DE9B-406E-9C42-A09147F0CBC9}.Release|ARM.ActiveCfg = Release|ARM
		{043D5841-DE9B-406E-9C42-A09147F0CBC9}.Release|ARM.Build.0 = Release|ARM
		{043D5841-DE9B-406E-9C42-A09147F0CBC9}.Release|ARM.Deploy.0 = Release|ARM
		{043D5841-DE9B-406E-9C42-A09147F0CBC9}.Release|iPhone.ActiveCfg = Release|x86
		{043D5841-DE9B-406E-9C42-A09147F0CBC9}.Release|iPhoneSimulator.ActiveCfg = Release|x86
		{043D5841-DE9B-406E-9C42-A09147F0CBC9}.Release|x64.ActiveCfg = Release|x64
		{043D5841-DE9B-406E-9C42-A09147F0CBC9}.Release|x64.Build.0 = Release|x64
		{043D5841-DE9B-406E-9C42-A09147F0CBC9}.Release|x64.Deploy.0 = Release|x64
		{043D5841-DE9B-406E-9C42-A09147F0CBC9}.Release|x86.ActiveCfg = Release|x86
		{043D5841-DE9B-406E-9C42-A09147F0CBC9}.Release|x86.Build.0 = Release|x86
		{043D5841-DE9B-406E-9C42-A09147F0CBC9}.Release|x86.Deploy.0 = Release|x86
	EndGlobalSection
	GlobalSection(SolutionProperties) = preSolution
		HideSolutionNode = FALSE
	EndGlobalSection
	GlobalSection(ExtensibilityGlobals) = postSolution
		SolutionGuid = {D5E8B021-242F-48F2-B916-A810B9F72887}
	EndGlobalSection
EndGlobal
